
Microsoft Visual Studio Solution File, Format Version 12.00
# Visual Studio Version 17
VisualStudioVersion = 17.3.32929.385
MinimumVisualStudioVersion = 10.0.40219.1
Project("{FAE04EC0-301F-11D3-BF4B-00C04F79EFBC}") = "DELEGATES 2", "DELEGATES 2\DELEGATES 2.csproj", "{66B7AAA8-068D-4E28-BA18-93CEE283CC18}"
EndProject
Global
	GlobalSection(SolutionConfigurationPlatforms) = preSolution
		Debug|Any CPU = Debug|Any CPU
		Release|Any CPU = Release|Any CPU
	EndGlobalSection
	GlobalSection(ProjectConfigurationPlatforms) = postSolution
		{66B7AAA8-068D-4E28-BA18-93CEE283CC18}.Debug|Any CPU.ActiveCfg = Debug|Any CPU
		{66B7AAA8-068D-4E28-BA18-93CEE283CC18}.Debug|Any CPU.Build.0 = Debug|Any CPU
		{66B7AAA8-068D-4E28-BA18-93CEE283CC18}.Release|Any CPU.ActiveCfg = Release|Any CPU
		{66B7AAA8-068D-4E28-BA18-93CEE283CC18}.Release|Any CPU.Build.0 = Release|Any CPU
	EndGlobalSection
	GlobalSection(SolutionProperties) = preSolution
		HideSolutionNode = FALSE
	EndGlobalSection
	GlobalSection(ExtensibilityGlobals) = postSolution
		SolutionGuid = {DA565CC7-153F-4B51-AB9C-0CEBBE630532}
	EndGlobalSection
EndGlobal
